PODS:
  - SGPagingView (1.3.6)
  - SwiftTheme (0.4.1)

DEPENDENCIES:
  - SGPagingView
  - SwiftTheme

SPEC CHECKSUMS:
  SGPagingView: 4e9204cc62e4b63b269fbf48b4e8c9333adcd071
  SwiftTheme: 36d71c4eed4b2c401c782cf036e4586c749a8173

PODFILE CHECKSUM: 5496d130d433a52751dc48dbf59efc2991b82463

COCOAPODS: 1.4.0
